Microsoft Visual Studio Solution File, Format Version 12.00
Project("668bd55d-d9ca-41c3-a83c-14942b55bbfe") = "MarsAir", "MarsAir.csproj", "1ac19d0f-1fe2-40fc-88ff-1f78e7930222"
EndProject
Global
	GlobalSection(SolutionConfigurationPlatforms) = preSolution
		Debug|Any CPU = Debug|Any CPU
		Release|Any CPU = Release|Any CPU
	EndGlobalSection
	GlobalSection(ProjectConfigurationPlatforms) = postSolution
		1ac19d0f-1fe2-40fc-88ff-1f78e7930222.Debug|Any CPU.ActiveCfg = Debug|Any CPU
		1ac19d0f-1fe2-40fc-88ff-1f78e7930222.Debug|Any CPU.Build.0 = Debug|Any CPU
		1ac19d0f-1fe2-40fc-88ff-1f78e7930222.Release|Any CPU.ActiveCfg = Release|Any CPU
		1ac19d0f-1fe2-40fc-88ff-1f78e7930222.Release|Any CPU.Build.0 = Release|Any CPU
	EndGlobalSection
	GlobalSection(SolutionProperties) = preSolution
		HideSolutionNode = FALSE
	EndGlobalSection
EndGlobal